
Microsoft Visual Studio Solution File, Format Version 12.00
# Visual Studio Version 17
VisualStudioVersion = 17.13.35919.96 d17.13
MinimumVisualStudioVersion = 10.0.40219.1
Project("{FAE04EC0-301F-11D3-BF4B-00C04F79EFBC}") = "outlook_zenifier", "outlook_zenifier\outlook_zenifier.csproj", "{FAC1CD2F-F41E-4234-84DF-88308C0A792E}"
EndProject
Global
	GlobalSection(SolutionConfigurationPlatforms) = preSolution
		Debug|Any CPU = Debug|Any CPU
		Release|Any CPU = Release|Any CPU
	EndGlobalSection
	GlobalSection(ProjectConfigurationPlatforms) = postSolution
		{FAC1CD2F-F41E-4234-84DF-88308C0A792E}.Debug|Any CPU.ActiveCfg = Debug|Any CPU
		{FAC1CD2F-F41E-4234-84DF-88308C0A792E}.Debug|Any CPU.Build.0 = Debug|Any CPU
		{FAC1CD2F-F41E-4234-84DF-88308C0A792E}.Release|Any CPU.ActiveCfg = Release|Any CPU
		{FAC1CD2F-F41E-4234-84DF-88308C0A792E}.Release|Any CPU.Build.0 = Release|Any CPU
	EndGlobalSection
	GlobalSection(SolutionProperties) = preSolution
		HideSolutionNode = FALSE
	EndGlobalSection
	GlobalSection(ExtensibilityGlobals) = postSolution
		SolutionGuid = {E505F4E4-4B7D-4390-9D31-D60B8D7A66BA}
	EndGlobalSection
EndGlobal
